
Microsoft Visual Studio Solution File, Format Version 12.00
# Visual Studio Version 17
VisualStudioVersion = 17.4.33213.308
MinimumVisualStudioVersion = 10.0.40219.1
Project("{FAE04EC0-301F-11D3-BF4B-00C04F79EFBC}") = "zad2L4W2", "zad2L4W2\zad2L4W2.csproj", "{B6398ADA-D2C8-47D3-9302-E66BFDCEB451}"
EndProject
Global
	GlobalSection(SolutionConfigurationPlatforms) = preSolution
		Debug|Any CPU = Debug|Any CPU
		Release|Any CPU = Release|Any CPU
	EndGlobalSection
	GlobalSection(ProjectConfigurationPlatforms) = postSolution
		{B6398ADA-D2C8-47D3-9302-E66BFDCEB451}.Debug|Any CPU.ActiveCfg = Debug|Any CPU
		{B6398ADA-D2C8-47D3-9302-E66BFDCEB451}.Debug|Any CPU.Build.0 = Debug|Any CPU
		{B6398ADA-D2C8-47D3-9302-E66BFDCEB451}.Release|Any CPU.ActiveCfg = Release|Any CPU
		{B6398ADA-D2C8-47D3-9302-E66BFDCEB451}.Release|Any CPU.Build.0 = Release|Any CPU
	EndGlobalSection
	GlobalSection(SolutionProperties) = preSolution
		HideSolutionNode = FALSE
	EndGlobalSection
	GlobalSection(ExtensibilityGlobals) = postSolution
		SolutionGuid = {0FB1E173-EBAB-4432-982B-949D8B176B0D}
	EndGlobalSection
EndGlobal
